<?xml version="1.0" encoding="utf-8"?>
<Project ToolsVersion="4.0" xmlns="http://schemas.microsoft.com/developer/msbuild/2003">
  <ItemGroup>
    <ClCompile Include="fujian2.cpp" />
    <ClCompile Include="..\common\shader.cpp">
      <Filter>common</Filter>
    </ClCompile>
    <ClCompile Include="..\glad\src\glad.c">
      <Filter>common</Filter>
    </ClCompile>
    <ClCompile Include="test.cpp" />
    <ClCompile Include="loadOBJTest.cpp" />
    <ClCompile Include="..\common\objloader.cpp">
      <Filter>common</Filter>
    </ClCompile>
    <ClCompile Include="..\common\texture.cpp">
      <Filter>common</Filter>
    </ClCompile>
    <ClCompile Include="..\common\myControls.cpp">
      <Filter>common</Filter>
    </ClCompile>
    <ClCompile Include="..\common\vboindexer.cpp">
      <Filter>common</Filter>
    </ClCompile>
  </ItemGroup>
  <ItemGroup>
    <Filter Include="shaders">
      <UniqueIdentifier>{e0aaefaf-8b18-46d3-bdd3-026135415d04}</UniqueIdentifier>
    </Filter>
    <Filter Include="common">
      <UniqueIdentifier>{afe3e909-18e9-4756-bb4e-0e8d6878b1fa}</UniqueIdentifier>
    </Filter>
  </ItemGroup>
  <ItemGroup>
    <None Include="SimpleFragmentShader.fragmentshader">
      <Filter>shaders</Filter>
    </None>
    <None Include="SimpleVertexShader.vertexshader">
      <Filter>shaders</Filter>
    </None>
  </ItemGroup>
  <ItemGroup>
    <ClInclude Include="..\common\shader.hpp">
      <Filter>common</Filter>
    </ClInclude>
    <ClInclude Include="..\common\objloader.hpp">
      <Filter>common</Filter>
    </ClInclude>
    <ClInclude Include="..\common\texture.hpp">
      <Filter>common</Filter>
    </ClInclude>
    <ClInclude Include="..\common\myControls.hpp">
      <Filter>common</Filter>
    </ClInclude>
    <ClInclude Include="..\common\vboindexer.hpp">
      <Filter>common</Filter>
    </ClInclude>
  </ItemGroup>
</Project>